
Microsoft Visual Studio Solution File, Format Version 12.00
Project("{FAE04EC0-301F-11D3-BF4B-00C04F79EFBC}") = "UserService", "UserService\UserService.csproj", "{88FAB39A-1DFB-47F5-806D-3149D0861E07}"
EndProject
Project("{FAE04EC0-301F-11D3-BF4B-00C04F79EFBC}") = "ProductService", "ProductService\ProductService.csproj", "{EFB025D9-FF63-46B0-9D62-ADED35EC7559}"
EndProject
Project("{FAE04EC0-301F-11D3-BF4B-00C04F79EFBC}") = "ApiGateway", "ApiGateway\ApiGateway.csproj", "{9BDDE9A8-4E2C-4259-B93D-A5AB8452E0CA}"
EndProject
Global
	GlobalSection(SolutionConfigurationPlatforms) = preSolution
		Debug|Any CPU = Debug|Any CPU
		Release|Any CPU = Release|Any CPU
	EndGlobalSection
	GlobalSection(ProjectConfigurationPlatforms) = postSolution
		{88FAB39A-1DFB-47F5-806D-3149D0861E07}.Debug|Any CPU.ActiveCfg = Debug|Any CPU
		{88FAB39A-1DFB-47F5-806D-3149D0861E07}.Debug|Any CPU.Build.0 = Debug|Any CPU
		{88FAB39A-1DFB-47F5-806D-3149D0861E07}.Release|Any CPU.ActiveCfg = Release|Any CPU
		{88FAB39A-1DFB-47F5-806D-3149D0861E07}.Release|Any CPU.Build.0 = Release|Any CPU
		{EFB025D9-FF63-46B0-9D62-ADED35EC7559}.Debug|Any CPU.ActiveCfg = Debug|Any CPU
		{EFB025D9-FF63-46B0-9D62-ADED35EC7559}.Debug|Any CPU.Build.0 = Debug|Any CPU
		{EFB025D9-FF63-46B0-9D62-ADED35EC7559}.Release|Any CPU.ActiveCfg = Release|Any CPU
		{EFB025D9-FF63-46B0-9D62-ADED35EC7559}.Release|Any CPU.Build.0 = Release|Any CPU
		{9BDDE9A8-4E2C-4259-B93D-A5AB8452E0CA}.Debug|Any CPU.ActiveCfg = Debug|Any CPU
		{9BDDE9A8-4E2C-4259-B93D-A5AB8452E0CA}.Debug|Any CPU.Build.0 = Debug|Any CPU
		{9BDDE9A8-4E2C-4259-B93D-A5AB8452E0CA}.Release|Any CPU.ActiveCfg = Release|Any CPU
		{9BDDE9A8-4E2C-4259-B93D-A5AB8452E0CA}.Release|Any CPU.Build.0 = Release|Any CPU
	EndGlobalSection
EndGlobal
